
Microsoft Visual Studio Solution File, Format Version 11.00
# Visual Studio 2010
Project("{CC5FD16D-436D-48AD-A40C-5A424C6E3E79}") = "PubTricks.Azure", "PubTricks.Azure\PubTricks.Azure.ccproj", "{6F6DAEAE-A89E-4894-9CBB-6039EB53CE1E}"
EndProject
Project("{FAE04EC0-301F-11D3-BF4B-00C04F79EFBC}") = "PubTricks.Web", "PubTricks.Web\PubTricks.Web.csproj", "{B0B618E2-87AF-4105-9ED7-1E9E65C0DA57}"
EndProject
Global
	GlobalSection(SolutionConfigurationPlatforms) = preSolution
		Debug|Any CPU = Debug|Any CPU
		Release|Any CPU = Release|Any CPU
	EndGlobalSection
	GlobalSection(ProjectConfigurationPlatforms) = postSolution
		{6F6DAEAE-A89E-4894-9CBB-6039EB53CE1E}.Debug|Any CPU.ActiveCfg = Debug|Any CPU
		{6F6DAEAE-A89E-4894-9CBB-6039EB53CE1E}.Debug|Any CPU.Build.0 = Debug|Any CPU
		{6F6DAEAE-A89E-4894-9CBB-6039EB53CE1E}.Release|Any CPU.ActiveCfg = Release|Any CPU
		{6F6DAEAE-A89E-4894-9CBB-6039EB53CE1E}.Release|Any CPU.Build.0 = Release|Any CPU
		{B0B618E2-87AF-4105-9ED7-1E9E65C0DA57}.Debug|Any CPU.ActiveCfg = Debug|Any CPU
		{B0B618E2-87AF-4105-9ED7-1E9E65C0DA57}.Debug|Any CPU.Build.0 = Debug|Any CPU
		{B0B618E2-87AF-4105-9ED7-1E9E65C0DA57}.Release|Any CPU.ActiveCfg = Release|Any CPU
		{B0B618E2-87AF-4105-9ED7-1E9E65C0DA57}.Release|Any CPU.Build.0 = Release|Any CPU
	EndGlobalSection
	GlobalSection(SolutionProperties) = preSolution
		HideSolutionNode = FALSE
	EndGlobalSection
EndGlobal
